
Microsoft Visual Studio Solution File, Format Version 12.00
# Visual Studio Version 17
VisualStudioVersion = 17.4.33213.308
MinimumVisualStudioVersion = 10.0.40219.1
Project("{9A19103F-16F7-4668-BE54-9A1E7A4F7556}") = "projects", "projects\projects.csproj", "{9505F458-57A7-40DB-8080-B11837B3439C}"
EndProject
Project("{2150E333-8FDC-42A3-9474-1A3956D46DE8}") = "TicTacToe", "TicTacToe", "{965E63A5-3BA9-4122-BCE4-2BBFE0F86DA2}"
EndProject
Project("{9A19103F-16F7-4668-BE54-9A1E7A4F7556}") = "TicTacToe", "TicTacToe\TicTacToe.csproj", "{04A82AE7-C549-42E4-B7C0-CBEFB6E1BABF}"
EndProject
Project("{2150E333-8FDC-42A3-9474-1A3956D46DE8}") = "qwert", "qwert", "{1DDA4283-9F15-488E-B944-5D5C8A886C71}"
EndProject
Project("{FAE04EC0-301F-11D3-BF4B-00C04F79EFBC}") = "qwert", "qwert\qwert.csproj", "{1A47C47F-0F49-4279-BB4A-68A28E222783}"
EndProject
Project("{2150E333-8FDC-42A3-9474-1A3956D46DE8}") = "inf", "inf", "{127E7C54-8981-4571-866E-A67569F7A16D}"
EndProject
Project("{FAE04EC0-301F-11D3-BF4B-00C04F79EFBC}") = "inf", "inf\inf.csproj", "{11638638-02E2-426C-9D64-203303432E51}"
EndProject
Project("{2150E333-8FDC-42A3-9474-1A3956D46DE8}") = "new", "new", "{8BCB92A5-015F-4317-932D-0B4177431904}"
EndProject
Project("{FAE04EC0-301F-11D3-BF4B-00C04F79EFBC}") = "new", "new\new.csproj", "{1538AD98-F066-4B65-A37D-C4FD2F59FF89}"
EndProject
Global
	GlobalSection(SolutionConfigurationPlatforms) = preSolution
		Debug|Any CPU = Debug|Any CPU
		Release|Any CPU = Release|Any CPU
	EndGlobalSection
	GlobalSection(ProjectConfigurationPlatforms) = postSolution
		{9505F458-57A7-40DB-8080-B11837B3439C}.Debug|Any CPU.ActiveCfg = Debug|Any CPU
		{9505F458-57A7-40DB-8080-B11837B3439C}.Debug|Any CPU.Build.0 = Debug|Any CPU
		{9505F458-57A7-40DB-8080-B11837B3439C}.Release|Any CPU.ActiveCfg = Release|Any CPU
		{9505F458-57A7-40DB-8080-B11837B3439C}.Release|Any CPU.Build.0 = Release|Any CPU
		{04A82AE7-C549-42E4-B7C0-CBEFB6E1BABF}.Debug|Any CPU.ActiveCfg = Debug|Any CPU
		{04A82AE7-C549-42E4-B7C0-CBEFB6E1BABF}.Debug|Any CPU.Build.0 = Debug|Any CPU
		{04A82AE7-C549-42E4-B7C0-CBEFB6E1BABF}.Release|Any CPU.ActiveCfg = Release|Any CPU
		{04A82AE7-C549-42E4-B7C0-CBEFB6E1BABF}.Release|Any CPU.Build.0 = Release|Any CPU
		{1A47C47F-0F49-4279-BB4A-68A28E222783}.Debug|Any CPU.ActiveCfg = Debug|Any CPU
		{1A47C47F-0F49-4279-BB4A-68A28E222783}.Debug|Any CPU.Build.0 = Debug|Any CPU
		{1A47C47F-0F49-4279-BB4A-68A28E222783}.Release|Any CPU.ActiveCfg = Release|Any CPU
		{1A47C47F-0F49-4279-BB4A-68A28E222783}.Release|Any CPU.Build.0 = Release|Any CPU
		{11638638-02E2-426C-9D64-203303432E51}.Debug|Any CPU.ActiveCfg = Debug|Any CPU
		{11638638-02E2-426C-9D64-203303432E51}.Debug|Any CPU.Build.0 = Debug|Any CPU
		{11638638-02E2-426C-9D64-203303432E51}.Release|Any CPU.ActiveCfg = Release|Any CPU
		{11638638-02E2-426C-9D64-203303432E51}.Release|Any CPU.Build.0 = Release|Any CPU
		{1538AD98-F066-4B65-A37D-C4FD2F59FF89}.Debug|Any CPU.ActiveCfg = Debug|Any CPU
		{1538AD98-F066-4B65-A37D-C4FD2F59FF89}.Debug|Any CPU.Build.0 = Debug|Any CPU
		{1538AD98-F066-4B65-A37D-C4FD2F59FF89}.Release|Any CPU.ActiveCfg = Release|Any CPU
		{1538AD98-F066-4B65-A37D-C4FD2F59FF89}.Release|Any CPU.Build.0 = Release|Any CPU
	EndGlobalSection
	GlobalSection(SolutionProperties) = preSolution
		HideSolutionNode = FALSE
	EndGlobalSection
	GlobalSection(NestedProjects) = preSolution
		{04A82AE7-C549-42E4-B7C0-CBEFB6E1BABF} = {965E63A5-3BA9-4122-BCE4-2BBFE0F86DA2}
		{1A47C47F-0F49-4279-BB4A-68A28E222783} = {1DDA4283-9F15-488E-B944-5D5C8A886C71}
		{11638638-02E2-426C-9D64-203303432E51} = {127E7C54-8981-4571-866E-A67569F7A16D}
		{1538AD98-F066-4B65-A37D-C4FD2F59FF89} = {8BCB92A5-015F-4317-932D-0B4177431904}
	EndGlobalSection
	GlobalSection(ExtensibilityGlobals) = postSolution
		SolutionGuid = {023E42F3-095C-4C1F-A9DD-BA06473DD49C}
	EndGlobalSection
EndGlobal
